{
  "version": 4,
  "terraform_version": "1.3.4",
  "serial": 20,
  "lineage": "0ab0f2eb-9661-586a-8d91-d1867e9a8742",
  "outputs": {},
  "resources": [
    {
      "mode": "managed",
      "type": "proxmox_vm_qemu",
      "name": "talos_node",
      "provider": "provider[\"registry.terraform.io/telmate/proxmox\"]",
      "instances": [
        {
          "index_key": "control-1",
          "schema_version": 0,
          "attributes": {
            "additional_wait": 5,
            "agent": 1,
            "agent_timeout": 90,
            "args": "",
            "automatic_reboot": true,
            "balloon": 0,
            "bios": "seabios",
            "boot": "order=scsi0;net0",
            "bootdisk": "",
            "ci_wait": null,
            "cicustom": null,
            "cipassword": "",
            "ciupgrade": false,
            "ciuser": "",
            "clone": null,
            "clone_id": null,
            "clone_wait": 10,
            "cores": 0,
            "cpu": [
              {
                "affinity": "",
                "cores": 2,
                "flags": [],
                "limit": 0,
                "numa": false,
                "sockets": 1,
                "type": "x86-64-v2-AES",
                "units": 0,
                "vcores": 0
              }
            ],
            "cpu_type": "",
            "current_node": "apollo",
            "default_ipv4_address": "192.168.1.56",
            "default_ipv6_address": "",
            "define_connection_info": true,
            "desc": "Managed by Terraform.",
            "disk": [],
            "disks": [
              {
                "ide": [],
                "sata": [],
                "scsi": [
                  {
                    "scsi0": [
                      {
                        "cdrom": [],
                        "cloudinit": [],
                        "disk": [
                          {
                            "asyncio": "",
                            "backup": true,
                            "cache": "",
                            "discard": false,
                            "emulatessd": false,
                            "format": "raw",
                            "id": 0,
                            "iops_r_burst": 0,
                            "iops_r_burst_length": 0,
                            "iops_r_concurrent": 0,
                            "iops_wr_burst": 0,
                            "iops_wr_burst_length": 0,
                            "iops_wr_concurrent": 0,
                            "iothread": true,
                            "linked_disk_id": -1,
                            "mbps_r_burst": 0,
                            "mbps_r_concurrent": 0,
                            "mbps_wr_burst": 0,
                            "mbps_wr_concurrent": 0,
                            "readonly": false,
                            "replicate": false,
                            "serial": "",
                            "size": "8G",
                            "storage": "local-lvm",
                            "wwn": ""
                          }
                        ],
                        "ignore": false,
                        "passthrough": []
                      }
                    ],
                    "scsi1": [],
                    "scsi10": [],
                    "scsi11": [],
                    "scsi12": [],
                    "scsi13": [],
                    "scsi14": [],
                    "scsi15": [],
                    "scsi16": [],
                    "scsi17": [],
                    "scsi18": [],
                    "scsi19": [],
                    "scsi2": [],
                    "scsi20": [],
                    "scsi21": [],
                    "scsi22": [],
                    "scsi23": [],
                    "scsi24": [],
                    "scsi25": [],
                    "scsi26": [],
                    "scsi27": [],
                    "scsi28": [],
                    "scsi29": [],
                    "scsi3": [],
                    "scsi30": [],
                    "scsi4": [],
                    "scsi5": [],
                    "scsi6": [],
                    "scsi7": [],
                    "scsi8": [],
                    "scsi9": []
                  }
                ],
                "virtio": []
              }
            ],
            "efidisk": [],
            "force_create": false,
            "force_recreate_on_change_of": null,
            "full_clone": true,
            "hagroup": "",
            "hastate": "",
            "hostpci": [],
            "hotplug": "network,disk,usb",
            "id": "apollo/qemu/1000",
            "ipconfig0": null,
            "ipconfig1": null,
            "ipconfig10": null,
            "ipconfig11": null,
            "ipconfig12": null,
            "ipconfig13": null,
            "ipconfig14": null,
            "ipconfig15": null,
            "ipconfig2": null,
            "ipconfig3": null,
            "ipconfig4": null,
            "ipconfig5": null,
            "ipconfig6": null,
            "ipconfig7": null,
            "ipconfig8": null,
            "ipconfig9": null,
            "kvm": true,
            "linked_vmid": 0,
            "machine": "",
            "memory": 4096,
            "name": "control-1",
            "nameserver": null,
            "network": [
              {
                "bridge": "vmbr0",
                "firewall": true,
                "id": 0,
                "link_down": false,
                "macaddr": "02:00:00:00:01:00",
                "model": "virtio",
                "mtu": 0,
                "queues": 0,
                "rate": 0,
                "tag": 0
              }
            ],
            "numa": false,
            "onboot": true,
            "os_network_config": null,
            "os_type": null,
            "pci": [],
            "pcis": [],
            "pool": "",
            "protection": false,
            "pxe": null,
            "qemu_os": "l26",
            "reboot_required": false,
            "scsihw": "virtio-scsi-single",
            "searchdomain": null,
            "serial": [],
            "skip_ipv4": false,
            "skip_ipv6": true,
            "smbios": [
              {
                "family": "",
                "manufacturer": "",
                "product": "",
                "serial": "",
                "sku": "",
                "uuid": "daf5f8bb-4dea-47bb-ad5c-08cd7fbe25fb",
                "version": ""
              }
            ],
            "sockets": 0,
            "ssh_forward_ip": null,
            "ssh_host": "192.168.1.56",
            "ssh_port": "22",
            "ssh_private_key": null,
            "ssh_user": null,
            "sshkeys": null,
            "startup": "",
            "tablet": true,
            "tags": "",
            "target_node": "apollo",
            "target_nodes": null,
            "timeouts": null,
            "tpm_state": [],
            "unused_disk": [],
            "usb": [],
            "usbs": [],
            "vcpus": 0,
            "vga": [],
            "vm_state": "running",
            "vmid": 1000
          },
          "sensitive_attributes": [],
          "private": "eyJlMmJmYjczMC1lY2FhLTExZTYtOGY4OC0zNDM2M2JjN2M0YzAiOnsiY3JlYXRlIjoxMjAwMDAwMDAwMDAwLCJkZWZhdWx0IjoxMjAwMDAwMDAwMDAwLCJkZWxldGUiOjEyMDAwMDAwMDAwMDAsInJlYWQiOjEyMDAwMDAwMDAwMDAsInVwZGF0ZSI6MTIwMDAwMDAwMDAwMH19"
        },
        {
          "index_key": "worker-1",
          "schema_version": 0,
          "attributes": {
            "additional_wait": 5,
            "agent": 1,
            "agent_timeout": 90,
            "args": "",
            "automatic_reboot": true,
            "balloon": 0,
            "bios": "seabios",
            "boot": "order=scsi0;net0",
            "bootdisk": "",
            "ci_wait": null,
            "cicustom": null,
            "cipassword": "",
            "ciupgrade": false,
            "ciuser": "",
            "clone": null,
            "clone_id": null,
            "clone_wait": 10,
            "cores": 0,
            "cpu": [
              {
                "affinity": "",
                "cores": 4,
                "flags": [],
                "limit": 0,
                "numa": false,
                "sockets": 1,
                "type": "x86-64-v2-AES",
                "units": 0,
                "vcores": 0
              }
            ],
            "cpu_type": "",
            "current_node": "apollo",
            "default_ipv4_address": "192.168.1.57",
            "default_ipv6_address": "",
            "define_connection_info": true,
            "desc": "Managed by Terraform.",
            "disk": [],
            "disks": [
              {
                "ide": [],
                "sata": [],
                "scsi": [
                  {
                    "scsi0": [
                      {
                        "cdrom": [],
                        "cloudinit": [],
                        "disk": [
                          {
                            "asyncio": "",
                            "backup": true,
                            "cache": "",
                            "discard": false,
                            "emulatessd": false,
                            "format": "raw",
                            "id": 0,
                            "iops_r_burst": 0,
                            "iops_r_burst_length": 0,
                            "iops_r_concurrent": 0,
                            "iops_wr_burst": 0,
                            "iops_wr_burst_length": 0,
                            "iops_wr_concurrent": 0,
                            "iothread": true,
                            "linked_disk_id": -1,
                            "mbps_r_burst": 0,
                            "mbps_r_concurrent": 0,
                            "mbps_wr_burst": 0,
                            "mbps_wr_concurrent": 0,
                            "readonly": false,
                            "replicate": false,
                            "serial": "",
                            "size": "250G",
                            "storage": "local-lvm",
                            "wwn": ""
                          }
                        ],
                        "ignore": false,
                        "passthrough": []
                      }
                    ],
                    "scsi1": [],
                    "scsi10": [],
                    "scsi11": [],
                    "scsi12": [],
                    "scsi13": [],
                    "scsi14": [],
                    "scsi15": [],
                    "scsi16": [],
                    "scsi17": [],
                    "scsi18": [],
                    "scsi19": [],
                    "scsi2": [],
                    "scsi20": [],
                    "scsi21": [],
                    "scsi22": [],
                    "scsi23": [],
                    "scsi24": [],
                    "scsi25": [],
                    "scsi26": [],
                    "scsi27": [],
                    "scsi28": [],
                    "scsi29": [],
                    "scsi3": [],
                    "scsi30": [],
                    "scsi4": [],
                    "scsi5": [],
                    "scsi6": [],
                    "scsi7": [],
                    "scsi8": [],
                    "scsi9": []
                  }
                ],
                "virtio": []
              }
            ],
            "efidisk": [],
            "force_create": false,
            "force_recreate_on_change_of": null,
            "full_clone": true,
            "hagroup": "",
            "hastate": "",
            "hostpci": [],
            "hotplug": "network,disk,usb",
            "id": "apollo/qemu/1004",
            "ipconfig0": null,
            "ipconfig1": null,
            "ipconfig10": null,
            "ipconfig11": null,
            "ipconfig12": null,
            "ipconfig13": null,
            "ipconfig14": null,
            "ipconfig15": null,
            "ipconfig2": null,
            "ipconfig3": null,
            "ipconfig4": null,
            "ipconfig5": null,
            "ipconfig6": null,
            "ipconfig7": null,
            "ipconfig8": null,
            "ipconfig9": null,
            "kvm": true,
            "linked_vmid": 0,
            "machine": "",
            "memory": 4096,
            "name": "worker-1",
            "nameserver": null,
            "network": [
              {
                "bridge": "vmbr0",
                "firewall": true,
                "id": 0,
                "link_down": false,
                "macaddr": "02:00:00:00:01:01",
                "model": "virtio",
                "mtu": 0,
                "queues": 0,
                "rate": 0,
                "tag": 0
              }
            ],
            "numa": false,
            "onboot": true,
            "os_network_config": null,
            "os_type": null,
            "pci": [],
            "pcis": [],
            "pool": "",
            "protection": false,
            "pxe": null,
            "qemu_os": "l26",
            "reboot_required": false,
            "scsihw": "virtio-scsi-single",
            "searchdomain": null,
            "serial": [],
            "skip_ipv4": false,
            "skip_ipv6": true,
            "smbios": [
              {
                "family": "",
                "manufacturer": "",
                "product": "",
                "serial": "",
                "sku": "",
                "uuid": "2127661d-6507-40e9-89c6-ef0df8bd014e",
                "version": ""
              }
            ],
            "sockets": 0,
            "ssh_forward_ip": null,
            "ssh_host": "192.168.1.57",
            "ssh_port": "22",
            "ssh_private_key": null,
            "ssh_user": null,
            "sshkeys": null,
            "startup": "",
            "tablet": true,
            "tags": "",
            "target_node": "apollo",
            "target_nodes": null,
            "timeouts": null,
            "tpm_state": [],
            "unused_disk": [],
            "usb": [],
            "usbs": [],
            "vcpus": 0,
            "vga": [],
            "vm_state": "running",
            "vmid": 1004
          },
          "sensitive_attributes": [],
          "private": "eyJlMmJmYjczMC1lY2FhLTExZTYtOGY4OC0zNDM2M2JjN2M0YzAiOnsiY3JlYXRlIjoxMjAwMDAwMDAwMDAwLCJkZWZhdWx0IjoxMjAwMDAwMDAwMDAwLCJkZWxldGUiOjEyMDAwMDAwMDAwMDAsInJlYWQiOjEyMDAwMDAwMDAwMDAsInVwZGF0ZSI6MTIwMDAwMDAwMDAwMH19"
        }
      ]
    }
  ],
  "check_results": null
}
